
Microsoft Visual Studio Solution File, Format Version 12.00
# Visual Studio 14
VisualStudioVersion = 14.0.25123.0
MinimumVisualStudioVersion = 10.0.40219.1
Project("{FAE04EC0-301F-11D3-BF4B-00C04F79EFBC}") = "COMP123-S2016-Lesson2", "COMP123-S2016-Lesson2\COMP123-S2016-Lesson2.csproj", "{F08CB226-EAE5-43B2-8794-EA867D436C58}"
EndProject
Project("{FAE04EC0-301F-11D3-BF4B-00C04F79EFBC}") = "UnitTestForLesson2", "UnitTestForLesson2\UnitTestForLesson2.csproj", "{B841D2CF-8982-4989-A01E-77D38BB300BA}"
EndProject
Global
	GlobalSection(SolutionConfigurationPlatforms) = preSolution
		Debug|Any CPU = Debug|Any CPU
		Release|Any CPU = Release|Any CPU
	EndGlobalSection
	GlobalSection(ProjectConfigurationPlatforms) = postSolution
		{F08CB226-EAE5-43B2-8794-EA867D436C58}.Debug|Any CPU.ActiveCfg = Debug|Any CPU
		{F08CB226-EAE5-43B2-8794-EA867D436C58}.Debug|Any CPU.Build.0 = Debug|Any CPU
		{F08CB226-EAE5-43B2-8794-EA867D436C58}.Release|Any CPU.ActiveCfg = Release|Any CPU
		{F08CB226-EAE5-43B2-8794-EA867D436C58}.Release|Any CPU.Build.0 = Release|Any CPU
		{B841D2CF-8982-4989-A01E-77D38BB300BA}.Debug|Any CPU.ActiveCfg = Debug|Any CPU
		{B841D2CF-8982-4989-A01E-77D38BB300BA}.Debug|Any CPU.Build.0 = Debug|Any CPU
		{B841D2CF-8982-4989-A01E-77D38BB300BA}.Release|Any CPU.ActiveCfg = Release|Any CPU
		{B841D2CF-8982-4989-A01E-77D38BB300BA}.Release|Any CPU.Build.0 = Release|Any CPU
	EndGlobalSection
	GlobalSection(SolutionProperties) = preSolution
		HideSolutionNode = FALSE
	EndGlobalSection
EndGlobal
